
Microsoft Visual Studio Solution File, Format Version 12.00
# Visual Studio Version 17
VisualStudioVersion = 17.3.32922.545
MinimumVisualStudioVersion = 10.0.40219.1
Project("{888888A0-9F3D-457C-B088-3A5042F75D52}") = "SerializingData", "SerializingData.pyproj", "{A75F2D4F-3414-4F1C-B29E-A4966607A455}"
EndProject
Global
	GlobalSection(SolutionConfigurationPlatforms) = preSolution
		Debug|Any CPU = Debug|Any CPU
		Release|Any CPU = Release|Any CPU
	EndGlobalSection
	GlobalSection(ProjectConfigurationPlatforms) = postSolution
		{A75F2D4F-3414-4F1C-B29E-A4966607A455}.Debug|Any CPU.ActiveCfg = Debug|Any CPU
		{A75F2D4F-3414-4F1C-B29E-A4966607A455}.Release|Any CPU.ActiveCfg = Release|Any CPU
	EndGlobalSection
	GlobalSection(SolutionProperties) = preSolution
		HideSolutionNode = FALSE
	EndGlobalSection
	GlobalSection(ExtensibilityGlobals) = postSolution
		SolutionGuid = {E0C9991B-5391-42A1-B5D6-04F7C91B6ACA}
	EndGlobalSection
EndGlobal
